
Microsoft Visual Studio Solution File, Format Version 12.00
# Visual Studio Version 16
VisualStudioVersion = 16.0.30011.22
MinimumVisualStudioVersion = 10.0.40219.1
Project("{FAE04EC0-301F-11D3-BF4B-00C04F79EFBC}") = "WindowsFormsDodatcove", "WindowsFormsDodatcove\WindowsFormsDodatcove.csproj", "{643A6AB5-10A9-44AA-99F0-9206DD1C9FD1}"
EndProject
Global
	GlobalSection(SolutionConfigurationPlatforms) = preSolution
		Debug|Any CPU = Debug|Any CPU
		Release|Any CPU = Release|Any CPU
	EndGlobalSection
	GlobalSection(ProjectConfigurationPlatforms) = postSolution
		{643A6AB5-10A9-44AA-99F0-9206DD1C9FD1}.Debug|Any CPU.ActiveCfg = Debug|Any CPU
		{643A6AB5-10A9-44AA-99F0-9206DD1C9FD1}.Debug|Any CPU.Build.0 = Debug|Any CPU
		{643A6AB5-10A9-44AA-99F0-9206DD1C9FD1}.Release|Any CPU.ActiveCfg = Release|Any CPU
		{643A6AB5-10A9-44AA-99F0-9206DD1C9FD1}.Release|Any CPU.Build.0 = Release|Any CPU
	EndGlobalSection
	GlobalSection(SolutionProperties) = preSolution
		HideSolutionNode = FALSE
	EndGlobalSection
	GlobalSection(ExtensibilityGlobals) = postSolution
		SolutionGuid = {F323CCC1-D75F-4CA3-8666-FD3845B6B20D}
	EndGlobalSection
EndGlobal
